
Microsoft Visual Studio Solution File, Format Version 12.00
# Visual Studio Version 17
VisualStudioVersion = 17.9.34728.123
MinimumVisualStudioVersion = 10.0.40219.1
Project("{E53339B2-1760-4266-BCC7-CA923CBCF16C}") = "docker-compose", "docker-compose.dcproj", "{D8D9CBA2-AE6C-42BB-883F-5E1F2A416098}"
EndProject
Project("{9A19103F-16F7-4668-BE54-9A1E7A4F7556}") = "Hackathon.Application", "Hackathon.Application\Hackathon.Application.csproj", "{160FE325-B661-4277-9B4A-8267DBA3B190}"
EndProject
Project("{9A19103F-16F7-4668-BE54-9A1E7A4F7556}") = "Hackathon.Domain", "Hackathon.Domain\Hackathon.Domain.csproj", "{67D879D4-DB57-46C9-B0D0-16B27D55D695}"
EndProject
Project("{9A19103F-16F7-4668-BE54-9A1E7A4F7556}") = "Hackathon.Infra.Data", "Hackathon.Infra.Data\Hackathon.Infra.Data.csproj", "{4A37D59E-253C-4F8F-9B41-60152AE8241C}"
EndProject
Project("{9A19103F-16F7-4668-BE54-9A1E7A4F7556}") = "Hackathon.Infra.Ioc", "Hackathon.Infra.Ioc\Hackathon.Infra.Ioc.csproj", "{B9B0D818-644D-46ED-8DF5-81CB36C36B0C}"
EndProject
Project("{9A19103F-16F7-4668-BE54-9A1E7A4F7556}") = "Hackathon.Api", "Hackathon.Api\Hackathon.Api.csproj", "{332C8AE1-FE45-4CC9-A850-F2D3D38BACFE}"
EndProject
Project("{FAE04EC0-301F-11D3-BF4B-00C04F79EFBC}") = "Hackathon.Infra.Messaging", "ClassLibrary1\Hackathon.Infra.Messaging.csproj", "{9FD2918F-1368-452B-AE6F-846A61887194}"
EndProject
Project("{FAE04EC0-301F-11D3-BF4B-00C04F79EFBC}") = "Hackathon.Tests", "Hackathon.Tests\Hackathon.Tests.csproj", "{922EE339-D90A-4B69-851A-07F77DCC4768}"
EndProject
Global
	GlobalSection(SolutionConfigurationPlatforms) = preSolution
		Debug|Any CPU = Debug|Any CPU
		Release|Any CPU = Release|Any CPU
	EndGlobalSection
	GlobalSection(ProjectConfigurationPlatforms) = postSolution
		{D8D9CBA2-AE6C-42BB-883F-5E1F2A416098}.Debug|Any CPU.ActiveCfg = Debug|Any CPU
		{D8D9CBA2-AE6C-42BB-883F-5E1F2A416098}.Debug|Any CPU.Build.0 = Debug|Any CPU
		{D8D9CBA2-AE6C-42BB-883F-5E1F2A416098}.Release|Any CPU.ActiveCfg = Release|Any CPU
		{D8D9CBA2-AE6C-42BB-883F-5E1F2A416098}.Release|Any CPU.Build.0 = Release|Any CPU
		{160FE325-B661-4277-9B4A-8267DBA3B190}.Debug|Any CPU.ActiveCfg = Debug|Any CPU
		{160FE325-B661-4277-9B4A-8267DBA3B190}.Debug|Any CPU.Build.0 = Debug|Any CPU
		{160FE325-B661-4277-9B4A-8267DBA3B190}.Release|Any CPU.ActiveCfg = Release|Any CPU
		{160FE325-B661-4277-9B4A-8267DBA3B190}.Release|Any CPU.Build.0 = Release|Any CPU
		{67D879D4-DB57-46C9-B0D0-16B27D55D695}.Debug|Any CPU.ActiveCfg = Debug|Any CPU
		{67D879D4-DB57-46C9-B0D0-16B27D55D695}.Debug|Any CPU.Build.0 = Debug|Any CPU
		{67D879D4-DB57-46C9-B0D0-16B27D55D695}.Release|Any CPU.ActiveCfg = Release|Any CPU
		{67D879D4-DB57-46C9-B0D0-16B27D55D695}.Release|Any CPU.Build.0 = Release|Any CPU
		{4A37D59E-253C-4F8F-9B41-60152AE8241C}.Debug|Any CPU.ActiveCfg = Debug|Any CPU
		{4A37D59E-253C-4F8F-9B41-60152AE8241C}.Debug|Any CPU.Build.0 = Debug|Any CPU
		{4A37D59E-253C-4F8F-9B41-60152AE8241C}.Release|Any CPU.ActiveCfg = Release|Any CPU
		{4A37D59E-253C-4F8F-9B41-60152AE8241C}.Release|Any CPU.Build.0 = Release|Any CPU
		{B9B0D818-644D-46ED-8DF5-81CB36C36B0C}.Debug|Any CPU.ActiveCfg = Debug|Any CPU
		{B9B0D818-644D-46ED-8DF5-81CB36C36B0C}.Debug|Any CPU.Build.0 = Debug|Any CPU
		{B9B0D818-644D-46ED-8DF5-81CB36C36B0C}.Release|Any CPU.ActiveCfg = Release|Any CPU
		{B9B0D818-644D-46ED-8DF5-81CB36C36B0C}.Release|Any CPU.Build.0 = Release|Any CPU
		{332C8AE1-FE45-4CC9-A850-F2D3D38BACFE}.Debug|Any CPU.ActiveCfg = Debug|Any CPU
		{332C8AE1-FE45-4CC9-A850-F2D3D38BACFE}.Debug|Any CPU.Build.0 = Debug|Any CPU
		{332C8AE1-FE45-4CC9-A850-F2D3D38BACFE}.Release|Any CPU.ActiveCfg = Release|Any CPU
		{332C8AE1-FE45-4CC9-A850-F2D3D38BACFE}.Release|Any CPU.Build.0 = Release|Any CPU
		{9FD2918F-1368-452B-AE6F-846A61887194}.Debug|Any CPU.ActiveCfg = Debug|Any CPU
		{9FD2918F-1368-452B-AE6F-846A61887194}.Debug|Any CPU.Build.0 = Debug|Any CPU
		{9FD2918F-1368-452B-AE6F-846A61887194}.Release|Any CPU.ActiveCfg = Release|Any CPU
		{9FD2918F-1368-452B-AE6F-846A61887194}.Release|Any CPU.Build.0 = Release|Any CPU
		{922EE339-D90A-4B69-851A-07F77DCC4768}.Debug|Any CPU.ActiveCfg = Debug|Any CPU
		{922EE339-D90A-4B69-851A-07F77DCC4768}.Debug|Any CPU.Build.0 = Debug|Any CPU
		{922EE339-D90A-4B69-851A-07F77DCC4768}.Release|Any CPU.ActiveCfg = Release|Any CPU
		{922EE339-D90A-4B69-851A-07F77DCC4768}.Release|Any CPU.Build.0 = Release|Any CPU
	EndGlobalSection
	GlobalSection(SolutionProperties) = preSolution
		HideSolutionNode = FALSE
	EndGlobalSection
	GlobalSection(ExtensibilityGlobals) = postSolution
		SolutionGuid = {80BB56EB-C7E3-4AF5-9D8B-57C87F26A0C5}
	EndGlobalSection
EndGlobal
